{
  "name": "matter-physics-graphical",
  "version": "1.0.0",
  "lockfileVersion": 3,
  "requires": true,
  "packages": {
    "": {
      "name": "matter-physics-graphical",
      "version": "1.0.0",
      "license": "ISC",
      "dependencies": {
        "matter-tools": "^0.14.0"
      }
    },
    "node_modules/matter-tools": {
      "version": "0.14.0",
      "resolved": "https://registry.npmjs.org/matter-tools/-/matter-tools-0.14.0.tgz",
      "integrity": "sha512-BJlSfuN8Vi289EgEtosO9Kr05Jc6AZKGem0hH5e+AUXWJMHmWXF4m/DWXZgnToCGNPOvkynTRxOZNUPuL8xqtA==",
      "license": "MIT"
    }
  }
}
